
Microsoft Visual Studio Solution File, Format Version 12.00
# Visual Studio Version 16
VisualStudioVersion = 16.0.29411.108
MinimumVisualStudioVersion = 10.0.40219.1
Project("{FAE04EC0-301F-11D3-BF4B-00C04F79EFBC}") = "frontend-app", "frontend-app\frontend-app.csproj", "{0DEF5DBD-0B00-4321-8FED-5597C08C08EE}"
EndProject
Global
	GlobalSection(SolutionConfigurationPlatforms) = preSolution
		Debug|Any CPU = Debug|Any CPU
		Release|Any CPU = Release|Any CPU
	EndGlobalSection
	GlobalSection(ProjectConfigurationPlatforms) = postSolution
		{0DEF5DBD-0B00-4321-8FED-5597C08C08EE}.Debug|Any CPU.ActiveCfg = Debug|Any CPU
		{0DEF5DBD-0B00-4321-8FED-5597C08C08EE}.Debug|Any CPU.Build.0 = Debug|Any CPU
		{0DEF5DBD-0B00-4321-8FED-5597C08C08EE}.Release|Any CPU.ActiveCfg = Release|Any CPU
		{0DEF5DBD-0B00-4321-8FED-5597C08C08EE}.Release|Any CPU.Build.0 = Release|Any CPU
	EndGlobalSection
	GlobalSection(SolutionProperties) = preSolution
		HideSolutionNode = FALSE
	EndGlobalSection
	GlobalSection(ExtensibilityGlobals) = postSolution
		SolutionGuid = {8479DCA4-7AEC-44B1-B81F-437F74C861E6}
	EndGlobalSection
EndGlobal
